// !$*UTF8*$!
{
	archiveVersion = 1;
	classes = {
	};
	objectVersion = 46;
	objects = {

/* Begin PBXBuildFile section */
		A1EED481171C6E5500B97387 /* UIKit.framework in Frameworks */ = {isa = PBXBuildFile; fileRef = A1EED480171C6E5500B97387 /* UIKit.framework */; };
		A1EED483171C6E5500B97387 /* Foundation.framework in Frameworks */ = {isa = PBXBuildFile; fileRef = A1EED482171C6E5500B97387 /* Foundation.framework */; };
		A1EED485171C6E5500B97387 /* CoreGraphics.framework in Frameworks */ = {isa = PBXBuildFile; fileRef = A1EED484171C6E5500B97387 /* CoreGraphics.framework */; };
		A1EED4BF171C768E00B97387 /* main.m in Sources */ = {isa = PBXBuildFile; fileRef = A1EED4B6171C768E00B97387 /* main.m */; };
		A1EED4C0171C768E00B97387 /* RBAppDelegate.m in Sources */ = {isa = PBXBuildFile; fileRef = A1EED4B8171C768E00B97387 /* RBAppDelegate.m */; };
		A1EED4C1171C768E00B97387 /* RBViewController.m in Sources */ = {isa = PBXBuildFile; fileRef = A1EED4BD171C768E00B97387 /* RBViewController.m */; };
		A1EED4CB171C770100B97387 /* Default-568h@2x.png in Resources */ = {isa = PBXBuildFile; fileRef = A1EED4C3171C770100B97387 /* Default-568h@2x.png */; };
		A1EED4CC171C770100B97387 /* Default.png in Resources */ = {isa = PBXBuildFile; fileRef = A1EED4C4171C770100B97387 /* Default.png */; };
		A1EED4CD171C770100B97387 /* Default@2x.png in Resources */ = {isa = PBXBuildFile; fileRef = A1EED4C5171C770100B97387 /* Default@2x.png */; };
		A1EED4CE171C770100B97387 /* InfoPlist.strings in Resources */ = {isa = PBXBuildFile; fileRef = A1EED4C7171C770100B97387 /* InfoPlist.strings */; };
		A1EED4CF171C770100B97387 /* RBViewController.xib in Resources */ = {isa = PBXBuildFile; fileRef = A1EED4CA171C770100B97387 /* RBViewController.xib */; };
		A1EED4D3171C77DC00B97387 /* TWStatus.m in Sources */ = {isa = PBXBuildFile; fileRef = A1EED4D2171C77DC00B97387 /* TWStatus.m */; };
		A1EED4DA171C782400B97387 /* UIScrollView+SVInfiniteScrolling.m in Sources */ = {isa = PBXBuildFile; fileRef = A1EED4D7171C782400B97387 /* UIScrollView+SVInfiniteScrolling.m */; };
		A1EED4DB171C782400B97387 /* UIScrollView+SVPullToRefresh.m in Sources */ = {isa = PBXBuildFile; fileRef = A1EED4D9171C782400B97387 /* UIScrollView+SVPullToRefresh.m */; };
		A1EED520171C78AC00B97387 /* MCSwipeTableViewCell.m in Sources */ = {isa = PBXBuildFile; fileRef = A1EED51F171C78AC00B97387 /* MCSwipeTableViewCell.m */; };
		A1EED523171C799400B97387 /* QuartzCore.framework in Frameworks */ = {isa = PBXBuildFile; fileRef = A1EED521171C798300B97387 /* QuartzCore.framework */; };
		A1EED526171C7BD200B97387 /* RBNetworking.m in Sources */ = {isa = PBXBuildFile; fileRef = A1EED525171C7BD200B97387 /* RBNetworking.m */; };
		A1EED529171C82E200B97387 /* RBEmail.m in Sources */ = {isa = PBXBuildFile; fileRef = A1EED528171C82E200B97387 /* RBEmail.m */; };
		A1EED52C171C857000B97387 /* RBDataProvider.m in Sources */ = {isa = PBXBuildFile; fileRef = A1EED52B171C857000B97387 /* RBDataProvider.m */; };
		A1EED52F171CFC5500B97387 /* RBPagination.m in Sources */ = {isa = PBXBuildFile; fileRef = A1EED52E171CFC5500B97387 /* RBPagination.m */; };
		A1EED533171D102200B97387 /* RBCell.m in Sources */ = {isa = PBXBuildFile; fileRef = A1EED532171D102200B97387 /* RBCell.m */; };
		A1EED53C171D11C300B97387 /* check.png in Resources */ = {isa = PBXBuildFile; fileRef = A1EED534171D11C300B97387 /* check.png */; };
		A1EED53D171D11C300B97387 /* check@2x.png in Resources */ = {isa = PBXBuildFile; fileRef = A1EED535171D11C300B97387 /* check@2x.png */; };
		A1EED53E171D11C300B97387 /* clock.png in Resources */ = {isa = PBXBuildFile; fileRef = A1EED536171D11C300B97387 /* clock.png */; };
		A1EED53F171D11C300B97387 /* clock@2x.png in Resources */ = {isa = PBXBuildFile; fileRef = A1EED537171D11C300B97387 /* clock@2x.png */; };
		A1EED540171D11C300B97387 /* cross.png in Resources */ = {isa = PBXBuildFile; fileRef = A1EED538171D11C300B97387 /* cross.png */; };
		A1EED541171D11C300B97387 /* cross@2x.png in Resources */ = {isa = PBXBuildFile; fileRef = A1EED539171D11C300B97387 /* cross@2x.png */; };
		A1EED542171D11C300B97387 /* list.png in Resources */ = {isa = PBXBuildFile; fileRef = A1EED53A171D11C300B97387 /* list.png */; };
		A1EED543171D11C300B97387 /* list@2x.png in Resources */ = {isa = PBXBuildFile; fileRef = A1EED53B171D11C300B97387 /* list@2x.png */; };
/* End PBXBuildFile section */

/* Begin PBXFileReference section */
		A1EED47D171C6E5500B97387 /* SimpleMailbox.app */ = {isa = PBXFileReference; explicitFileType = wrapper.application; includeInIndex = 0; path = SimpleMailbox.app; sourceTree = BUILT_PRODUCTS_DIR; };
		A1EED480171C6E5500B97387 /* UIKit.framework */ = {isa = PBXFileReference; lastKnownFileType = wrapper.framework; name = UIKit.framework; path = System/Library/Frameworks/UIKit.framework; sourceTree = SDKROOT; };
		A1EED482171C6E5500B97387 /* Foundation.framework */ = {isa = PBXFileReference; lastKnownFileType = wrapper.framework; name = Foundation.framework; path = System/Library/Frameworks/Foundation.framework; sourceTree = SDKROOT; };
		A1EED484171C6E5500B97387 /* CoreGraphics.framework */ = {isa = PBXFileReference; lastKnownFileType = wrapper.framework; name = CoreGraphics.framework; path = System/Library/Frameworks/CoreGraphics.framework; sourceTree = SDKROOT; };
		A1EED488171C6E5500B97387 /* SimpleMailbox-Info.plist */ = {isa = PBXFileReference; lastKnownFileType = text.plist.xml; path = "SimpleMailbox-Info.plist"; sourceTree = "<group>"; };
		A1EED4B6171C768E00B97387 /* main.m */ = {isa = PBXFileReference; fileEncoding = 4; lastKnownFileType = sourcecode.c.objc; path = main.m; sourceTree = "<group>"; };
		A1EED4B7171C768E00B97387 /* RBAppDelegate.h */ = {isa = PBXFileReference; fileEncoding = 4; lastKnownFileType = sourcecode.c.h; path = RBAppDelegate.h; sourceTree = "<group>"; };
		A1EED4B8171C768E00B97387 /* RBAppDelegate.m */ = {isa = PBXFileReference; fileEncoding = 4; lastKnownFileType = sourcecode.c.objc; path = RBAppDelegate.m; sourceTree = "<group>"; };
		A1EED4B9171C768E00B97387 /* SimpleMailbox-Prefix.pch */ = {isa = PBXFileReference; fileEncoding = 4; lastKnownFileType = sourcecode.c.h; path = "SimpleMailbox-Prefix.pch"; sourceTree = "<group>"; };
		A1EED4BC171C768E00B97387 /* RBViewController.h */ = {isa = PBXFileReference; fileEncoding = 4; lastKnownFileType = sourcecode.c.h; path = RBViewController.h; sourceTree = "<group>"; };
		A1EED4BD171C768E00B97387 /* RBViewController.m */ = {isa = PBXFileReference; fileEncoding = 4; lastKnownFileType = sourcecode.c.objc; path = RBViewController.m; sourceTree = "<group>"; };
		A1EED4C3171C770100B97387 /* Default-568h@2x.png */ = {isa = PBXFileReference; lastKnownFileType = image.png; path = "Default-568h@2x.png"; sourceTree = "<group>"; };
		A1EED4C4171C770100B97387 /* Default.png */ = {isa = PBXFileReference; lastKnownFileType = image.png; path = Default.png; sourceTree = "<group>"; };
		A1EED4C5171C770100B97387 /* Default@2x.png */ = {isa = PBXFileReference; lastKnownFileType = image.png; path = "Default@2x.png"; sourceTree = "<group>"; };
		A1EED4C8171C770100B97387 /* en */ = {isa = PBXFileReference; lastKnownFileType = text.plist.strings; name = en; path = en.lproj/InfoPlist.strings; sourceTree = "<group>"; };
		A1EED4CA171C770100B97387 /* RBViewController.xib */ = {isa = PBXFileReference; fileEncoding = 4; lastKnownFileType = file.xib; path = RBViewController.xib; sourceTree = "<group>"; };
		A1EED4D1171C77DC00B97387 /* TWStatus.h */ = {isa = PBXFileReference; fileEncoding = 4; lastKnownFileType = sourcecode.c.h; path = TWStatus.h; sourceTree = "<group>"; };
		A1EED4D2171C77DC00B97387 /* TWStatus.m */ = {isa = PBXFileReference; fileEncoding = 4; lastKnownFileType = sourcecode.c.objc; path = TWStatus.m; sourceTree = "<group>"; };
		A1EED4D5171C782400B97387 /* SVPullToRefresh.h */ = {isa = PBXFileReference; fileEncoding = 4; lastKnownFileType = sourcecode.c.h; path = SVPullToRefresh.h; sourceTree = "<group>"; };
		A1EED4D6171C782400B97387 /* UIScrollView+SVInfiniteScrolling.h */ = {isa = PBXFileReference; fileEncoding = 4; lastKnownFileType = sourcecode.c.h; path = "UIScrollView+SVInfiniteScrolling.h"; sourceTree = "<group>"; };
		A1EED4D7171C782400B97387 /* UIScrollView+SVInfiniteScrolling.m */ = {isa = PBXFileReference; fileEncoding = 4; lastKnownFileType = sourcecode.c.objc; path = "UIScrollView+SVInfiniteScrolling.m"; sourceTree = "<group>"; };
		A1EED4D8171C782400B97387 /* UIScrollView+SVPullToRefresh.h */ = {isa = PBXFileReference; fileEncoding = 4; lastKnownFileType = sourcecode.c.h; path = "UIScrollView+SVPullToRefresh.h"; sourceTree = "<group>"; };
		A1EED4D9171C782400B97387 /* UIScrollView+SVPullToRefresh.m */ = {isa = PBXFileReference; fileEncoding = 4; lastKnownFileType = sourcecode.c.objc; path = "UIScrollView+SVPullToRefresh.m"; sourceTree = "<group>"; };
		A1EED51E171C78AC00B97387 /* MCSwipeTableViewCell.h */ = {isa = PBXFileReference; fileEncoding = 4; lastKnownFileType = sourcecode.c.h; path = MCSwipeTableViewCell.h; sourceTree = "<group>"; };
		A1EED51F171C78AC00B97387 /* MCSwipeTableViewCell.m */ = {isa = PBXFileReference; fileEncoding = 4; lastKnownFileType = sourcecode.c.objc; path = MCSwipeTableViewCell.m; sourceTree = "<group>"; };
		A1EED521171C798300B97387 /* QuartzCore.framework */ = {isa = PBXFileReference; lastKnownFileType = wrapper.framework; name = QuartzCore.framework; path = System/Library/Frameworks/QuartzCore.framework; sourceTree = SDKROOT; };
		A1EED524171C7BD200B97387 /* RBNetworking.h */ = {isa = PBXFileReference; fileEncoding = 4; lastKnownFileType = sourcecode.c.h; path = RBNetworking.h; sourceTree = "<group>"; };
		A1EED525171C7BD200B97387 /* RBNetworking.m */ = {isa = PBXFileReference; fileEncoding = 4; lastKnownFileType = sourcecode.c.objc; path = RBNetworking.m; sourceTree = "<group>"; };
		A1EED527171C82E200B97387 /* RBEmail.h */ = {isa = PBXFileReference; fileEncoding = 4; lastKnownFileType = sourcecode.c.h; path = RBEmail.h; sourceTree = "<group>"; };
		A1EED528171C82E200B97387 /* RBEmail.m */ = {isa = PBXFileReference; fileEncoding = 4; lastKnownFileType = sourcecode.c.objc; path = RBEmail.m; sourceTree = "<group>"; };
		A1EED52A171C857000B97387 /* RBDataProvider.h */ = {isa = PBXFileReference; fileEncoding = 4; lastKnownFileType = sourcecode.c.h; path = RBDataProvider.h; sourceTree = "<group>"; };
		A1EED52B171C857000B97387 /* RBDataProvider.m */ = {isa = PBXFileReference; fileEncoding = 4; lastKnownFileType = sourcecode.c.objc; path = RBDataProvider.m; sourceTree = "<group>"; };
		A1EED52D171CFC5500B97387 /* RBPagination.h */ = {isa = PBXFileReference; fileEncoding = 4; lastKnownFileType = sourcecode.c.h; path = RBPagination.h; sourceTree = "<group>"; };
		A1EED52E171CFC5500B97387 /* RBPagination.m */ = {isa = PBXFileReference; fileEncoding = 4; lastKnownFileType = sourcecode.c.objc; path = RBPagination.m; sourceTree = "<group>"; };
		A1EED531171D102200B97387 /* RBCell.h */ = {isa = PBXFileReference; fileEncoding = 4; lastKnownFileType = sourcecode.c.h; path = RBCell.h; sourceTree = "<group>"; };
		A1EED532171D102200B97387 /* RBCell.m */ = {isa = PBXFileReference; fileEncoding = 4; lastKnownFileType = sourcecode.c.objc; path = RBCell.m; sourceTree = "<group>"; };
		A1EED534171D11C300B97387 /* check.png */ = {isa = PBXFileReference; lastKnownFileType = image.png; path = check.png; sourceTree = "<group>"; };
		A1EED535171D11C300B97387 /* check@2x.png */ = {isa = PBXFileReference; lastKnownFileType = image.png; path = "check@2x.png"; sourceTree = "<group>"; };
		A1EED536171D11C300B97387 /* clock.png */ = {isa = PBXFileReference; lastKnownFileType = image.png; path = clock.png; sourceTree = "<group>"; };
		A1EED537171D11C300B97387 /* clock@2x.png */ = {isa = PBXFileReference; lastKnownFileType = image.png; path = "clock@2x.png"; sourceTree = "<group>"; };
		A1EED538171D11C300B97387 /* cross.png */ = {isa = PBXFileReference; lastKnownFileType = image.png; path = cross.png; sourceTree = "<group>"; };
		A1EED539171D11C300B97387 /* cross@2x.png */ = {isa = PBXFileReference; lastKnownFileType = image.png; path = "cross@2x.png"; sourceTree = "<group>"; };
		A1EED53A171D11C300B97387 /* list.png */ = {isa = PBXFileReference; lastKnownFileType = image.png; path = list.png; sourceTree = "<group>"; };
		A1EED53B171D11C300B97387 /* list@2x.png */ = {isa = PBXFileReference; lastKnownFileType = image.png; path = "list@2x.png"; sourceTree = "<group>"; };
/* End PBXFileReference section */

/* Begin PBXFrameworksBuildPhase section */
		A1EED47A171C6E5500B97387 /* Frameworks */ = {
			isa = PBXFrameworksBuildPhase;
			buildActionMask = 2147483647;
			files = (
				A1EED523171C799400B97387 /* QuartzCore.framework in Frameworks */,
				A1EED481171C6E5500B97387 /* UIKit.framework in Frameworks */,
				A1EED483171C6E5500B97387 /* Foundation.framework in Frameworks */,
				A1EED485171C6E5500B97387 /* CoreGraphics.framework in Frameworks */,
			);
			runOnlyForDeploymentPostprocessing = 0;
		};
/* End PBXFrameworksBuildPhase section */

/* Begin PBXGroup section */
		A1EED474171C6E5500B97387 = {
			isa = PBXGroup;
			children = (
				A1EED486171C6E5500B97387 /* SimpleMailbox */,
				A1EED47F171C6E5500B97387 /* Frameworks */,
				A1EED47E171C6E5500B97387 /* Products */,
			);
			sourceTree = "<group>";
		};
		A1EED47E171C6E5500B97387 /* Products */ = {
			isa = PBXGroup;
			children = (
				A1EED47D171C6E5500B97387 /* SimpleMailbox.app */,
			);
			name = Products;
			sourceTree = "<group>";
		};
		A1EED47F171C6E5500B97387 /* Frameworks */ = {
			isa = PBXGroup;
			children = (
				A1EED521171C798300B97387 /* QuartzCore.framework */,
				A1EED480171C6E5500B97387 /* UIKit.framework */,
				A1EED482171C6E5500B97387 /* Foundation.framework */,
				A1EED484171C6E5500B97387 /* CoreGraphics.framework */,
			);
			name = Frameworks;
			sourceTree = "<group>";
		};
		A1EED486171C6E5500B97387 /* SimpleMailbox */ = {
			isa = PBXGroup;
			children = (
				A1EED4B0171C768E00B97387 /* Sources */,
				A1EED4A3171C768800B97387 /* Resources */,
				A1EED487171C6E5500B97387 /* Info */,
			);
			path = SimpleMailbox;
			sourceTree = "<group>";
		};
		A1EED487171C6E5500B97387 /* Info */ = {
			isa = PBXGroup;
			children = (
				A1EED488171C6E5500B97387 /* SimpleMailbox-Info.plist */,
			);
			name = Info;
			sourceTree = "<group>";
		};
		A1EED4A3171C768800B97387 /* Resources */ = {
			isa = PBXGroup;
			children = (
				A1EED4C2171C770100B97387 /* Images */,
				A1EED4C6171C770100B97387 /* Strings */,
				A1EED4C9171C770100B97387 /* XIBs */,
			);
			path = Resources;
			sourceTree = "<group>";
		};
		A1EED4B0171C768E00B97387 /* Sources */ = {
			isa = PBXGroup;
			children = (
				A1EED530171D101400B97387 /* Cells */,
				A1EED4B1171C768E00B97387 /* Contributed */,
				A1EED4B2171C768E00B97387 /* Controls */,
				A1EED4B3171C768E00B97387 /* DataProviders */,
				A1EED4B4171C768E00B97387 /* DOM */,
				A1EED4B5171C768E00B97387 /* Main */,
				A1EED4BA171C768E00B97387 /* Networking */,
				A1EED4BB171C768E00B97387 /* ViewControllers */,
				A1EED4BE171C768E00B97387 /* Views */,
			);
			path = Sources;
			sourceTree = "<group>";
		};
		A1EED4B1171C768E00B97387 /* Contributed */ = {
			isa = PBXGroup;
			children = (
				A1EED51D171C78AC00B97387 /* MCSwipeTableViewCell */,
				A1EED4D4171C782400B97387 /* SVPullToRefresh */,
				A1EED4D0171C77DC00B97387 /* TWStatus */,
			);
			path = Contributed;
			sourceTree = "<group>";
		};
		A1EED4B2171C768E00B97387 /* Controls */ = {
			isa = PBXGroup;
			children = (
			);
			path = Controls;
			sourceTree = "<group>";
		};
		A1EED4B3171C768E00B97387 /* DataProviders */ = {
			isa = PBXGroup;
			children = (
				A1EED52A171C857000B97387 /* RBDataProvider.h */,
				A1EED52B171C857000B97387 /* RBDataProvider.m */,
			);
			path = DataProviders;
			sourceTree = "<group>";
		};
		A1EED4B4171C768E00B97387 /* DOM */ = {
			isa = PBXGroup;
			children = (
				A1EED527171C82E200B97387 /* RBEmail.h */,
				A1EED528171C82E200B97387 /* RBEmail.m */,
				A1EED52D171CFC5500B97387 /* RBPagination.h */,
				A1EED52E171CFC5500B97387 /* RBPagination.m */,
			);
			path = DOM;
			sourceTree = "<group>";
		};
		A1EED4B5171C768E00B97387 /* Main */ = {
			isa = PBXGroup;
			children = (
				A1EED4B6171C768E00B97387 /* main.m */,
				A1EED4B7171C768E00B97387 /* RBAppDelegate.h */,
				A1EED4B8171C768E00B97387 /* RBAppDelegate.m */,
				A1EED4B9171C768E00B97387 /* SimpleMailbox-Prefix.pch */,
			);
			path = Main;
			sourceTree = "<group>";
		};
		A1EED4BA171C768E00B97387 /* Networking */ = {
			isa = PBXGroup;
			children = (
				A1EED524171C7BD200B97387 /* RBNetworking.h */,
				A1EED525171C7BD200B97387 /* RBNetworking.m */,
			);
			path = Networking;
			sourceTree = "<group>";
		};
		A1EED4BB171C768E00B97387 /* ViewControllers */ = {
			isa = PBXGroup;
			children = (
				A1EED4BC171C768E00B97387 /* RBViewController.h */,
				A1EED4BD171C768E00B97387 /* RBViewController.m */,
			);
			path = ViewControllers;
			sourceTree = "<group>";
		};
		A1EED4BE171C768E00B97387 /* Views */ = {
			isa = PBXGroup;
			children = (
			);
			path = Views;
			sourceTree = "<group>";
		};
		A1EED4C2171C770100B97387 /* Images */ = {
			isa = PBXGroup;
			children = (
				A1EED534171D11C300B97387 /* check.png */,
				A1EED535171D11C300B97387 /* check@2x.png */,
				A1EED536171D11C300B97387 /* clock.png */,
				A1EED537171D11C300B97387 /* clock@2x.png */,
				A1EED538171D11C300B97387 /* cross.png */,
				A1EED539171D11C300B97387 /* cross@2x.png */,
				A1EED53A171D11C300B97387 /* list.png */,
				A1EED53B171D11C300B97387 /* list@2x.png */,
				A1EED4C3171C770100B97387 /* Default-568h@2x.png */,
				A1EED4C4171C770100B97387 /* Default.png */,
				A1EED4C5171C770100B97387 /* Default@2x.png */,
			);
			path = Images;
			sourceTree = "<group>";
		};
		A1EED4C6171C770100B97387 /* Strings */ = {
			isa = PBXGroup;
			children = (
				A1EED4C7171C770100B97387 /* InfoPlist.strings */,
			);
			path = Strings;
			sourceTree = "<group>";
		};
		A1EED4C9171C770100B97387 /* XIBs */ = {
			isa = PBXGroup;
			children = (
				A1EED4CA171C770100B97387 /* RBViewController.xib */,
			);
			path = XIBs;
			sourceTree = "<group>";
		};
		A1EED4D0171C77DC00B97387 /* TWStatus */ = {
			isa = PBXGroup;
			children = (
				A1EED4D1171C77DC00B97387 /* TWStatus.h */,
				A1EED4D2171C77DC00B97387 /* TWStatus.m */,
			);
			path = TWStatus;
			sourceTree = "<group>";
		};
		A1EED4D4171C782400B97387 /* SVPullToRefresh */ = {
			isa = PBXGroup;
			children = (
				A1EED4D5171C782400B97387 /* SVPullToRefresh.h */,
				A1EED4D6171C782400B97387 /* UIScrollView+SVInfiniteScrolling.h */,
				A1EED4D7171C782400B97387 /* UIScrollView+SVInfiniteScrolling.m */,
				A1EED4D8171C782400B97387 /* UIScrollView+SVPullToRefresh.h */,
				A1EED4D9171C782400B97387 /* UIScrollView+SVPullToRefresh.m */,
			);
			path = SVPullToRefresh;
			sourceTree = "<group>";
		};
		A1EED51D171C78AC00B97387 /* MCSwipeTableViewCell */ = {
			isa = PBXGroup;
			children = (
				A1EED51E171C78AC00B97387 /* MCSwipeTableViewCell.h */,
				A1EED51F171C78AC00B97387 /* MCSwipeTableViewCell.m */,
			);
			path = MCSwipeTableViewCell;
			sourceTree = "<group>";
		};
		A1EED530171D101400B97387 /* Cells */ = {
			isa = PBXGroup;
			children = (
				A1EED531171D102200B97387 /* RBCell.h */,
				A1EED532171D102200B97387 /* RBCell.m */,
			);
			path = Cells;
			sourceTree = "<group>";
		};
/* End PBXGroup section */

/* Begin PBXNativeTarget section */
		A1EED47C171C6E5500B97387 /* SimpleMailbox */ = {
			isa = PBXNativeTarget;
			buildConfigurationList = A1EED4A0171C6E5500B97387 /* Build configuration list for PBXNativeTarget "SimpleMailbox" */;
			buildPhases = (
				A1EED479171C6E5500B97387 /* Sources */,
				A1EED47A171C6E5500B97387 /* Frameworks */,
				A1EED47B171C6E5500B97387 /* Resources */,
			);
			buildRules = (
			);
			dependencies = (
			);
			name = SimpleMailbox;
			productName = SimpleMailbox;
			productReference = A1EED47D171C6E5500B97387 /* SimpleMailbox.app */;
			productType = "com.apple.product-type.application";
		};
/* End PBXNativeTarget section */

/* Begin PBXProject section */
		A1EED475171C6E5500B97387 /* Project object */ = {
			isa = PBXProject;
			attributes = {
				CLASSPREFIX = RB;
				LastUpgradeCheck = 0460;
				ORGANIZATIONNAME = "Andrey Toropchin";
			};
			buildConfigurationList = A1EED478171C6E5500B97387 /* Build configuration list for PBXProject "SimpleMailbox" */;
			compatibilityVersion = "Xcode 3.2";
			developmentRegion = English;
			hasScannedForEncodings = 0;
			knownRegions = (
				en,
			);
			mainGroup = A1EED474171C6E5500B97387;
			productRefGroup = A1EED47E171C6E5500B97387 /* Products */;
			projectDirPath = "";
			projectRoot = "";
			targets = (
				A1EED47C171C6E5500B97387 /* SimpleMailbox */,
			);
		};
/* End PBXProject section */

/* Begin PBXResourcesBuildPhase section */
		A1EED47B171C6E5500B97387 /* Resources */ = {
			isa = PBXResourcesBuildPhase;
			buildActionMask = 2147483647;
			files = (
				A1EED4CB171C770100B97387 /* Default-568h@2x.png in Resources */,
				A1EED4CC171C770100B97387 /* Default.png in Resources */,
				A1EED4CD171C770100B97387 /* Default@2x.png in Resources */,
				A1EED4CE171C770100B97387 /* InfoPlist.strings in Resources */,
				A1EED4CF171C770100B97387 /* RBViewController.xib in Resources */,
				A1EED53C171D11C300B97387 /* check.png in Resources */,
				A1EED53D171D11C300B97387 /* check@2x.png in Resources */,
				A1EED53E171D11C300B97387 /* clock.png in Resources */,
				A1EED53F171D11C300B97387 /* clock@2x.png in Resources */,
				A1EED540171D11C300B97387 /* cross.png in Resources */,
				A1EED541171D11C300B97387 /* cross@2x.png in Resources */,
				A1EED542171D11C300B97387 /* list.png in Resources */,
				A1EED543171D11C300B97387 /* list@2x.png in Resources */,
			);
			runOnlyForDeploymentPostprocessing = 0;
		};
/* End PBXResourcesBuildPhase section */

/* Begin PBXSourcesBuildPhase section */
		A1EED479171C6E5500B97387 /* Sources */ = {
			isa = PBXSourcesBuildPhase;
			buildActionMask = 2147483647;
			files = (
				A1EED4BF171C768E00B97387 /* main.m in Sources */,
				A1EED4C0171C768E00B97387 /* RBAppDelegate.m in Sources */,
				A1EED4C1171C768E00B97387 /* RBViewController.m in Sources */,
				A1EED4D3171C77DC00B97387 /* TWStatus.m in Sources */,
				A1EED4DA171C782400B97387 /* UIScrollView+SVInfiniteScrolling.m in Sources */,
				A1EED4DB171C782400B97387 /* UIScrollView+SVPullToRefresh.m in Sources */,
				A1EED520171C78AC00B97387 /* MCSwipeTableViewCell.m in Sources */,
				A1EED526171C7BD200B97387 /* RBNetworking.m in Sources */,
				A1EED529171C82E200B97387 /* RBEmail.m in Sources */,
				A1EED52C171C857000B97387 /* RBDataProvider.m in Sources */,
				A1EED52F171CFC5500B97387 /* RBPagination.m in Sources */,
				A1EED533171D102200B97387 /* RBCell.m in Sources */,
			);
			runOnlyForDeploymentPostprocessing = 0;
		};
/* End PBXSourcesBuildPhase section */

/* Begin PBXVariantGroup section */
		A1EED4C7171C770100B97387 /* InfoPlist.strings */ = {
			isa = PBXVariantGroup;
			children = (
				A1EED4C8171C770100B97387 /* en */,
			);
			name = InfoPlist.strings;
			sourceTree = "<group>";
		};
/* End PBXVariantGroup section */

/* Begin XCBuildConfiguration section */
		A1EED49E171C6E5500B97387 /* Debug */ = {
			isa = XCBuildConfiguration;
			buildSettings = {
				ALWAYS_SEARCH_USER_PATHS = NO;
				CLANG_CXX_LANGUAGE_STANDARD = "gnu++0x";
				CLANG_CXX_LIBRARY = "libc++";
				CLANG_ENABLE_OBJC_ARC = YES;
				CLANG_WARN_CONSTANT_CONVERSION = YES;
				CLANG_WARN_EMPTY_BODY = YES;
				CLANG_WARN_ENUM_CONVERSION = YES;
				CLANG_WARN_INT_CONVERSION = YES;
				CLANG_WARN__DUPLICATE_METHOD_MATCH = YES;
				"CODE_SIGN_IDENTITY[sdk=iphoneos*]" = "iPhone Developer";
				COPY_PHASE_STRIP = NO;
				GCC_C_LANGUAGE_STANDARD = gnu99;
				GCC_DYNAMIC_NO_PIC = NO;
				GCC_OPTIMIZATION_LEVEL = 0;
				GCC_PREPROCESSOR_DEFINITIONS = (
					"DEBUG=1",
					"$(inherited)",
				);
				GCC_SYMBOLS_PRIVATE_EXTERN = NO;
				GCC_WARN_ABOUT_RETURN_TYPE = YES;
				GCC_WARN_UNINITIALIZED_AUTOS = YES;
				GCC_WARN_UNUSED_VARIABLE = YES;
				IPHONEOS_DEPLOYMENT_TARGET = 6.1;
				ONLY_ACTIVE_ARCH = YES;
				SDKROOT = iphoneos;
			};
			name = Debug;
		};
		A1EED49F171C6E5500B97387 /* Release */ = {
			isa = XCBuildConfiguration;
			buildSettings = {
				ALWAYS_SEARCH_USER_PATHS = NO;
				CLANG_CXX_LANGUAGE_STANDARD = "gnu++0x";
				CLANG_CXX_LIBRARY = "libc++";
				CLANG_ENABLE_OBJC_ARC = YES;
				CLANG_WARN_CONSTANT_CONVERSION = YES;
				CLANG_WARN_EMPTY_BODY = YES;
				CLANG_WARN_ENUM_CONVERSION = YES;
				CLANG_WARN_INT_CONVERSION = YES;
				CLANG_WARN__DUPLICATE_METHOD_MATCH = YES;
				"CODE_SIGN_IDENTITY[sdk=iphoneos*]" = "iPhone Developer";
				COPY_PHASE_STRIP = YES;
				GCC_C_LANGUAGE_STANDARD = gnu99;
				GCC_WARN_ABOUT_RETURN_TYPE = YES;
				GCC_WARN_UNINITIALIZED_AUTOS = YES;
				GCC_WARN_UNUSED_VARIABLE = YES;
				IPHONEOS_DEPLOYMENT_TARGET = 6.1;
				OTHER_CFLAGS = "-DNS_BLOCK_ASSERTIONS=1";
				SDKROOT = iphoneos;
				VALIDATE_PRODUCT = YES;
			};
			name = Release;
		};
		A1EED4A1171C6E5500B97387 /* Debug */ = {
			isa = XCBuildConfiguration;
			buildSettings = {
				GCC_PRECOMPILE_PREFIX_HEADER = YES;
				GCC_PREFIX_HEADER = "SimpleMailbox/Sources/Main/SimpleMailbox-Prefix.pch";
				INFOPLIST_FILE = "SimpleMailbox/SimpleMailbox-Info.plist";
				IPHONEOS_DEPLOYMENT_TARGET = 5.0;
				PRODUCT_NAME = "$(TARGET_NAME)";
				WRAPPER_EXTENSION = app;
			};
			name = Debug;
		};
		A1EED4A2171C6E5500B97387 /* Release */ = {
			isa = XCBuildConfiguration;
			buildSettings = {
				GCC_PRECOMPILE_PREFIX_HEADER = YES;
				GCC_PREFIX_HEADER = "SimpleMailbox/Sources/Main/SimpleMailbox-Prefix.pch";
				INFOPLIST_FILE = "SimpleMailbox/SimpleMailbox-Info.plist";
				IPHONEOS_DEPLOYMENT_TARGET = 5.0;
				PRODUCT_NAME = "$(TARGET_NAME)";
				WRAPPER_EXTENSION = app;
			};
			name = Release;
		};
/* End XCBuildConfiguration section */

/* Begin XCConfigurationList section */
		A1EED478171C6E5500B97387 /* Build configuration list for PBXProject "SimpleMailbox" */ = {
			isa = XCConfigurationList;
			buildConfigurations = (
				A1EED49E171C6E5500B97387 /* Debug */,
				A1EED49F171C6E5500B97387 /* Release */,
			);
			defaultConfigurationIsVisible = 0;
			defaultConfigurationName = Release;
		};
		A1EED4A0171C6E5500B97387 /* Build configuration list for PBXNativeTarget "SimpleMailbox" */ = {
			isa = XCConfigurationList;
			buildConfigurations = (
				A1EED4A1171C6E5500B97387 /* Debug */,
				A1EED4A2171C6E5500B97387 /* Release */,
			);
			defaultConfigurationIsVisible = 0;
		};
/* End XCConfigurationList section */
	};
	rootObject = A1EED475171C6E5500B97387 /* Project object */;
}
